// !$*UTF8*$!
{
	archiveVersion = 1;
	classes = {
	};
	objectVersion = 50;
	objects = {

/* Begin PBXBuildFile section */
		004EB65120BF8E0F0094D5D9 /* ZRTabBar.m in Sources */ = {isa = PBXBuildFile; fileRef = 004EB65020BF8E0F0094D5D9 /* ZRTabBar.m */; };
		0070746A20BE471E00C6E014 /* Main.storyboard in Resources */ = {isa = PBXBuildFile; fileRef = 0070746820BE471E00C6E014 /* Main.storyboard */; };
		0070746C20BE472000C6E014 /* Assets.xcassets in Resources */ = {isa = PBXBuildFile; fileRef = 0070746B20BE472000C6E014 /* Assets.xcassets */; };
		0070746F20BE472000C6E014 /* LaunchScreen.storyboard in Resources */ = {isa = PBXBuildFile; fileRef = 0070746D20BE472000C6E014 /* LaunchScreen.storyboard */; };
		0070747C20BE472000C6E014 /* BDJUITests.m in Sources */ = {isa = PBXBuildFile; fileRef = 0070747B20BE472000C6E014 /* BDJUITests.m */; };
		00BEFBA220BE84F000204029 /* main.m in Sources */ = {isa = PBXBuildFile; fileRef = 00BEFBA020BE84F000204029 /* main.m */; };
		00BEFBA320BE84F000204029 /* AppDelegate.m in Sources */ = {isa = PBXBuildFile; fileRef = 00BEFBA120BE84F000204029 /* AppDelegate.m */; };
		00BEFBA920BE85BF00204029 /* ZREssenceViewController.m in Sources */ = {isa = PBXBuildFile; fileRef = 00BEFBA820BE85BF00204029 /* ZREssenceViewController.m */; };
		00BEFBAC20BE85CB00204029 /* ZRPublishViewController.m in Sources */ = {isa = PBXBuildFile; fileRef = 00BEFBAB20BE85CB00204029 /* ZRPublishViewController.m */; };
		00BEFBAF20BE85D400204029 /* ZRNewViewController.m in Sources */ = {isa = PBXBuildFile; fileRef = 00BEFBAE20BE85D400204029 /* ZRNewViewController.m */; };
		00BEFBB220BE85E800204029 /* ZRMeViewController.m in Sources */ = {isa = PBXBuildFile; fileRef = 00BEFBB120BE85E800204029 /* ZRMeViewController.m */; };
		00BEFBB520BE85FF00204029 /* ZRFriendTrendViewController.m in Sources */ = {isa = PBXBuildFile; fileRef = 00BEFBB420BE85FF00204029 /* ZRFriendTrendViewController.m */; };
		00BEFBBC20BE9B2E00204029 /* ZRTabBarController.m in Sources */ = {isa = PBXBuildFile; fileRef = 00BEFBBB20BE9B2E00204029 /* ZRTabBarController.m */; };
		00BEFBC020BEA00700204029 /* UIImage+ZRImage.m in Sources */ = {isa = PBXBuildFile; fileRef = 00BEFBBF20BEA00700204029 /* UIImage+ZRImage.m */; };
		00D00FA720BFCD5A00D0F3B1 /* UIView+ZRFrame.m in Sources */ = {isa = PBXBuildFile; fileRef = 00D00FA620BFCD5A00D0F3B1 /* UIView+ZRFrame.m */; };
		00D00FAB20BFEAB700D0F3B1 /* UIBarButtonItem+ZRItem.m in Sources */ = {isa = PBXBuildFile; fileRef = 00D00FAA20BFEAB700D0F3B1 /* UIBarButtonItem+ZRItem.m */; };
		00D00FAE20BFF53F00D0F3B1 /* ZRNavigationController.m in Sources */ = {isa = PBXBuildFile; fileRef = 00D00FAD20BFF53F00D0F3B1 /* ZRNavigationController.m */; };
/* End PBXBuildFile section */

/* Begin PBXContainerItemProxy section */
		0070747820BE472000C6E014 /* PBXContainerItemProxy */ = {
			isa = PBXContainerItemProxy;
			containerPortal = 0070745720BE471E00C6E014 /* Project object */;
			proxyType = 1;
			remoteGlobalIDString = 0070745E20BE471E00C6E014;
			remoteInfo = BDJ;
		};
/* End PBXContainerItemProxy section */

/* Begin PBXFileReference section */
		004EB64F20BF8E0F0094D5D9 /* ZRTabBar.h */ = {isa = PBXFileReference; lastKnownFileType = sourcecode.c.h; path = ZRTabBar.h; sourceTree = "<group>"; };
		004EB65020BF8E0F0094D5D9 /* ZRTabBar.m */ = {isa = PBXFileReference; lastKnownFileType = sourcecode.c.objc; path = ZRTabBar.m; sourceTree = "<group>"; };
		0070745F20BE471E00C6E014 /* BDJ.app */ = {isa = PBXFileReference; explicitFileType = wrapper.application; includeInIndex = 0; path = BDJ.app; sourceTree = BUILT_PRODUCTS_DIR; };
		0070746920BE471E00C6E014 /* Base */ = {isa = PBXFileReference; lastKnownFileType = file.storyboard; name = Base; path = Base.lproj/Main.storyboard; sourceTree = "<group>"; };
		0070746B20BE472000C6E014 /* Assets.xcassets */ = {isa = PBXFileReference; lastKnownFileType = folder.assetcatalog; path = Assets.xcassets; sourceTree = "<group>"; };
		0070746E20BE472000C6E014 /* Base */ = {isa = PBXFileReference; lastKnownFileType = file.storyboard; name = Base; path = Base.lproj/LaunchScreen.storyboard; sourceTree = "<group>"; };
		0070747020BE472000C6E014 /* Info.plist */ = {isa = PBXFileReference; lastKnownFileType = text.plist.xml; path = Info.plist; sourceTree = "<group>"; };
		0070747720BE472000C6E014 /* BDJUITests.xctest */ = {isa = PBXFileReference; explicitFileType = wrapper.cfbundle; includeInIndex = 0; path = BDJUITests.xctest; sourceTree = BUILT_PRODUCTS_DIR; };
		0070747B20BE472000C6E014 /* BDJUITests.m */ = {isa = PBXFileReference; lastKnownFileType = sourcecode.c.objc; path = BDJUITests.m; sourceTree = "<group>"; };
		0070747D20BE472000C6E014 /* Info.plist */ = {isa = PBXFileReference; lastKnownFileType = text.plist.xml; path = Info.plist; sourceTree = "<group>"; };
		00BEFB9F20BE84F000204029 /* AppDelegate.h */ = {isa = PBXFileReference; fileEncoding = 4; lastKnownFileType = sourcecode.c.h; path = AppDelegate.h; sourceTree = "<group>"; };
		00BEFBA020BE84F000204029 /* main.m */ = {isa = PBXFileReference; fileEncoding = 4; lastKnownFileType = sourcecode.c.objc; path = main.m; sourceTree = "<group>"; };
		00BEFBA120BE84F000204029 /* AppDelegate.m */ = {isa = PBXFileReference; fileEncoding = 4; lastKnownFileType = sourcecode.c.objc; path = AppDelegate.m; sourceTree = "<group>"; };
		00BEFBA720BE85BF00204029 /* ZREssenceViewController.h */ = {isa = PBXFileReference; lastKnownFileType = sourcecode.c.h; path = ZREssenceViewController.h; sourceTree = "<group>"; };
		00BEFBA820BE85BF00204029 /* ZREssenceViewController.m */ = {isa = PBXFileReference; lastKnownFileType = sourcecode.c.objc; path = ZREssenceViewController.m; sourceTree = "<group>"; };
		00BEFBAA20BE85CB00204029 /* ZRPublishViewController.h */ = {isa = PBXFileReference; lastKnownFileType = sourcecode.c.h; path = ZRPublishViewController.h; sourceTree = "<group>"; };
		00BEFBAB20BE85CB00204029 /* ZRPublishViewController.m */ = {isa = PBXFileReference; lastKnownFileType = sourcecode.c.objc; path = ZRPublishViewController.m; sourceTree = "<group>"; };
		00BEFBAD20BE85D400204029 /* ZRNewViewController.h */ = {isa = PBXFileReference; lastKnownFileType = sourcecode.c.h; path = ZRNewViewController.h; sourceTree = "<group>"; };
		00BEFBAE20BE85D400204029 /* ZRNewViewController.m */ = {isa = PBXFileReference; lastKnownFileType = sourcecode.c.objc; path = ZRNewViewController.m; sourceTree = "<group>"; };
		00BEFBB020BE85E800204029 /* ZRMeViewController.h */ = {isa = PBXFileReference; lastKnownFileType = sourcecode.c.h; path = ZRMeViewController.h; sourceTree = "<group>"; };
		00BEFBB120BE85E800204029 /* ZRMeViewController.m */ = {isa = PBXFileReference; lastKnownFileType = sourcecode.c.objc; path = ZRMeViewController.m; sourceTree = "<group>"; };
		00BEFBB320BE85FF00204029 /* ZRFriendTrendViewController.h */ = {isa = PBXFileReference; lastKnownFileType = sourcecode.c.h; path = ZRFriendTrendViewController.h; sourceTree = "<group>"; };
		00BEFBB420BE85FF00204029 /* ZRFriendTrendViewController.m */ = {isa = PBXFileReference; lastKnownFileType = sourcecode.c.objc; path = ZRFriendTrendViewController.m; sourceTree = "<group>"; };
		00BEFBBA20BE9B2E00204029 /* ZRTabBarController.h */ = {isa = PBXFileReference; lastKnownFileType = sourcecode.c.h; path = ZRTabBarController.h; sourceTree = "<group>"; };
		00BEFBBB20BE9B2E00204029 /* ZRTabBarController.m */ = {isa = PBXFileReference; lastKnownFileType = sourcecode.c.objc; path = ZRTabBarController.m; sourceTree = "<group>"; };
		00BEFBBE20BEA00700204029 /* UIImage+ZRImage.h */ = {isa = PBXFileReference; lastKnownFileType = sourcecode.c.h; path = "UIImage+ZRImage.h"; sourceTree = "<group>"; };
		00BEFBBF20BEA00700204029 /* UIImage+ZRImage.m */ = {isa = PBXFileReference; lastKnownFileType = sourcecode.c.objc; path = "UIImage+ZRImage.m"; sourceTree = "<group>"; };
		00D00FA520BFCD5A00D0F3B1 /* UIView+ZRFrame.h */ = {isa = PBXFileReference; lastKnownFileType = sourcecode.c.h; path = "UIView+ZRFrame.h"; sourceTree = "<group>"; };
		00D00FA620BFCD5A00D0F3B1 /* UIView+ZRFrame.m */ = {isa = PBXFileReference; lastKnownFileType = sourcecode.c.objc; path = "UIView+ZRFrame.m"; sourceTree = "<group>"; };
		00D00FA820BFD32C00D0F3B1 /* BDJ.pch */ = {isa = PBXFileReference; lastKnownFileType = sourcecode.c.h; path = BDJ.pch; sourceTree = "<group>"; };
		00D00FA920BFEAB700D0F3B1 /* UIBarButtonItem+ZRItem.h */ = {isa = PBXFileReference; lastKnownFileType = sourcecode.c.h; path = "UIBarButtonItem+ZRItem.h"; sourceTree = "<group>"; };
		00D00FAA20BFEAB700D0F3B1 /* UIBarButtonItem+ZRItem.m */ = {isa = PBXFileReference; lastKnownFileType = sourcecode.c.objc; path = "UIBarButtonItem+ZRItem.m"; sourceTree = "<group>"; };
		00D00FAC20BFF53F00D0F3B1 /* ZRNavigationController.h */ = {isa = PBXFileReference; lastKnownFileType = sourcecode.c.h; path = ZRNavigationController.h; sourceTree = "<group>"; };
		00D00FAD20BFF53F00D0F3B1 /* ZRNavigationController.m */ = {isa = PBXFileReference; lastKnownFileType = sourcecode.c.objc; path = ZRNavigationController.m; sourceTree = "<group>"; };
/* End PBXFileReference section */

/* Begin PBXFrameworksBuildPhase section */
		0070745C20BE471E00C6E014 /* Frameworks */ = {
			isa = PBXFrameworksBuildPhase;
			buildActionMask = 2147483647;
			files = (
			);
			runOnlyForDeploymentPostprocessing = 0;
		};
		0070747420BE472000C6E014 /* Frameworks */ = {
			isa = PBXFrameworksBuildPhase;
			buildActionMask = 2147483647;
			files = (
			);
			runOnlyForDeploymentPostprocessing = 0;
		};
/* End PBXFrameworksBuildPhase section */

/* Begin PBXGroup section */
		0070745620BE471E00C6E014 = {
			isa = PBXGroup;
			children = (
				0070746120BE471E00C6E014 /* BDJ */,
				0070747A20BE472000C6E014 /* BDJUITests */,
				0070746020BE471E00C6E014 /* Products */,
			);
			sourceTree = "<group>";
		};
		0070746020BE471E00C6E014 /* Products */ = {
			isa = PBXGroup;
			children = (
				0070745F20BE471E00C6E014 /* BDJ.app */,
				0070747720BE472000C6E014 /* BDJUITests.xctest */,
			);
			name = Products;
			sourceTree = "<group>";
		};
		0070746120BE471E00C6E014 /* BDJ */ = {
			isa = PBXGroup;
			children = (
				00BEFB8320BE844E00204029 /* Classes */,
				0070746820BE471E00C6E014 /* Main.storyboard */,
				0070746B20BE472000C6E014 /* Assets.xcassets */,
				0070746D20BE472000C6E014 /* LaunchScreen.storyboard */,
				0070747020BE472000C6E014 /* Info.plist */,
			);
			path = BDJ;
			sourceTree = "<group>";
		};
		0070747A20BE472000C6E014 /* BDJUITests */ = {
			isa = PBXGroup;
			children = (
				0070747B20BE472000C6E014 /* BDJUITests.m */,
				0070747D20BE472000C6E014 /* Info.plist */,
			);
			path = BDJUITests;
			sourceTree = "<group>";
		};
		00BEFB8320BE844E00204029 /* Classes */ = {
			isa = PBXGroup;
			children = (
				00BEFBB620BE9B0D00204029 /* Main_主要 */,
				00BEFB8420BE844E00204029 /* FriendTrend_关注 */,
				00BEFB8820BE844E00204029 /* Me_我 */,
				00BEFB9020BE844E00204029 /* Essence_精华 */,
				00BEFB9420BE844E00204029 /* Publish_发布 */,
				00BEFB9820BE844E00204029 /* New_新帖 */,
				00BEFB9E20BE84F000204029 /* Others */,
			);
			path = Classes;
			sourceTree = "<group>";
		};
		00BEFB8420BE844E00204029 /* FriendTrend_关注 */ = {
			isa = PBXGroup;
			children = (
				00BEFB8520BE844E00204029 /* Controller */,
				00BEFB8620BE844E00204029 /* Model */,
				00BEFB8720BE844E00204029 /* View */,
			);
			path = "FriendTrend_关注";
			sourceTree = "<group>";
		};
		00BEFB8520BE844E00204029 /* Controller */ = {
			isa = PBXGroup;
			children = (
				00BEFBB320BE85FF00204029 /* ZRFriendTrendViewController.h */,
				00BEFBB420BE85FF00204029 /* ZRFriendTrendViewController.m */,
			);
			path = Controller;
			sourceTree = "<group>";
		};
		00BEFB8620BE844E00204029 /* Model */ = {
			isa = PBXGroup;
			children = (
			);
			path = Model;
			sourceTree = "<group>";
		};
		00BEFB8720BE844E00204029 /* View */ = {
			isa = PBXGroup;
			children = (
			);
			path = View;
			sourceTree = "<group>";
		};
		00BEFB8820BE844E00204029 /* Me_我 */ = {
			isa = PBXGroup;
			children = (
				00BEFB8920BE844E00204029 /* Controller */,
				00BEFB8A20BE844E00204029 /* Model */,
				00BEFB8B20BE844E00204029 /* View */,
			);
			path = "Me_我";
			sourceTree = "<group>";
		};
		00BEFB8920BE844E00204029 /* Controller */ = {
			isa = PBXGroup;
			children = (
				00BEFBB020BE85E800204029 /* ZRMeViewController.h */,
				00BEFBB120BE85E800204029 /* ZRMeViewController.m */,
			);
			path = Controller;
			sourceTree = "<group>";
		};
		00BEFB8A20BE844E00204029 /* Model */ = {
			isa = PBXGroup;
			children = (
			);
			path = Model;
			sourceTree = "<group>";
		};
		00BEFB8B20BE844E00204029 /* View */ = {
			isa = PBXGroup;
			children = (
			);
			path = View;
			sourceTree = "<group>";
		};
		00BEFB9020BE844E00204029 /* Essence_精华 */ = {
			isa = PBXGroup;
			children = (
				00BEFB9120BE844E00204029 /* Controller */,
				00BEFB9220BE844E00204029 /* Model */,
				00BEFB9320BE844E00204029 /* View */,
			);
			path = "Essence_精华";
			sourceTree = "<group>";
		};
		00BEFB9120BE844E00204029 /* Controller */ = {
			isa = PBXGroup;
			children = (
				00BEFBA720BE85BF00204029 /* ZREssenceViewController.h */,
				00BEFBA820BE85BF00204029 /* ZREssenceViewController.m */,
			);
			path = Controller;
			sourceTree = "<group>";
		};
		00BEFB9220BE844E00204029 /* Model */ = {
			isa = PBXGroup;
			children = (
			);
			path = Model;
			sourceTree = "<group>";
		};
		00BEFB9320BE844E00204029 /* View */ = {
			isa = PBXGroup;
			children = (
			);
			path = View;
			sourceTree = "<group>";
		};
		00BEFB9420BE844E00204029 /* Publish_发布 */ = {
			isa = PBXGroup;
			children = (
				00BEFB9520BE844E00204029 /* Controller */,
				00BEFB9620BE844E00204029 /* Model */,
				00BEFB9720BE844E00204029 /* View */,
			);
			path = "Publish_发布";
			sourceTree = "<group>";
		};
		00BEFB9520BE844E00204029 /* Controller */ = {
			isa = PBXGroup;
			children = (
				00BEFBAA20BE85CB00204029 /* ZRPublishViewController.h */,
				00BEFBAB20BE85CB00204029 /* ZRPublishViewController.m */,
			);
			path = Controller;
			sourceTree = "<group>";
		};
		00BEFB9620BE844E00204029 /* Model */ = {
			isa = PBXGroup;
			children = (
			);
			path = Model;
			sourceTree = "<group>";
		};
		00BEFB9720BE844E00204029 /* View */ = {
			isa = PBXGroup;
			children = (
			);
			path = View;
			sourceTree = "<group>";
		};
		00BEFB9820BE844E00204029 /* New_新帖 */ = {
			isa = PBXGroup;
			children = (
				00BEFB9920BE844E00204029 /* Controller */,
				00BEFB9A20BE844E00204029 /* Model */,
				00BEFB9B20BE844E00204029 /* View */,
			);
			path = "New_新帖";
			sourceTree = "<group>";
		};
		00BEFB9920BE844E00204029 /* Controller */ = {
			isa = PBXGroup;
			children = (
				00BEFBAD20BE85D400204029 /* ZRNewViewController.h */,
				00BEFBAE20BE85D400204029 /* ZRNewViewController.m */,
			);
			path = Controller;
			sourceTree = "<group>";
		};
		00BEFB9A20BE844E00204029 /* Model */ = {
			isa = PBXGroup;
			children = (
			);
			path = Model;
			sourceTree = "<group>";
		};
		00BEFB9B20BE844E00204029 /* View */ = {
			isa = PBXGroup;
			children = (
			);
			path = View;
			sourceTree = "<group>";
		};
		00BEFB9E20BE84F000204029 /* Others */ = {
			isa = PBXGroup;
			children = (
				00BEFBBD20BE9F7E00204029 /* Category */,
				00BEFB9F20BE84F000204029 /* AppDelegate.h */,
				00BEFBA120BE84F000204029 /* AppDelegate.m */,
				00BEFBA020BE84F000204029 /* main.m */,
				00D00FA820BFD32C00D0F3B1 /* BDJ.pch */,
			);
			path = Others;
			sourceTree = "<group>";
		};
		00BEFBB620BE9B0D00204029 /* Main_主要 */ = {
			isa = PBXGroup;
			children = (
				00BEFBB720BE9B0D00204029 /* Controller */,
				00BEFBB820BE9B0D00204029 /* Model */,
				00BEFBB920BE9B0D00204029 /* View */,
			);
			path = "Main_主要";
			sourceTree = "<group>";
		};
		00BEFBB720BE9B0D00204029 /* Controller */ = {
			isa = PBXGroup;
			children = (
				00BEFBBA20BE9B2E00204029 /* ZRTabBarController.h */,
				00BEFBBB20BE9B2E00204029 /* ZRTabBarController.m */,
				00D00FAC20BFF53F00D0F3B1 /* ZRNavigationController.h */,
				00D00FAD20BFF53F00D0F3B1 /* ZRNavigationController.m */,
			);
			path = Controller;
			sourceTree = "<group>";
		};
		00BEFBB820BE9B0D00204029 /* Model */ = {
			isa = PBXGroup;
			children = (
			);
			path = Model;
			sourceTree = "<group>";
		};
		00BEFBB920BE9B0D00204029 /* View */ = {
			isa = PBXGroup;
			children = (
				004EB64F20BF8E0F0094D5D9 /* ZRTabBar.h */,
				004EB65020BF8E0F0094D5D9 /* ZRTabBar.m */,
			);
			path = View;
			sourceTree = "<group>";
		};
		00BEFBBD20BE9F7E00204029 /* Category */ = {
			isa = PBXGroup;
			children = (
				00BEFBBE20BEA00700204029 /* UIImage+ZRImage.h */,
				00BEFBBF20BEA00700204029 /* UIImage+ZRImage.m */,
				00D00FA520BFCD5A00D0F3B1 /* UIView+ZRFrame.h */,
				00D00FA620BFCD5A00D0F3B1 /* UIView+ZRFrame.m */,
				00D00FA920BFEAB700D0F3B1 /* UIBarButtonItem+ZRItem.h */,
				00D00FAA20BFEAB700D0F3B1 /* UIBarButtonItem+ZRItem.m */,
			);
			path = Category;
			sourceTree = "<group>";
		};
/* End PBXGroup section */

/* Begin PBXNativeTarget section */
		0070745E20BE471E00C6E014 /* BDJ */ = {
			isa = PBXNativeTarget;
			buildConfigurationList = 0070748020BE472000C6E014 /* Build configuration list for PBXNativeTarget "BDJ" */;
			buildPhases = (
				0070745B20BE471E00C6E014 /* Sources */,
				0070745C20BE471E00C6E014 /* Frameworks */,
				0070745D20BE471E00C6E014 /* Resources */,
			);
			buildRules = (
			);
			dependencies = (
			);
			name = BDJ;
			productName = BDJ;
			productReference = 0070745F20BE471E00C6E014 /* BDJ.app */;
			productType = "com.apple.product-type.application";
		};
		0070747620BE472000C6E014 /* BDJUITests */ = {
			isa = PBXNativeTarget;
			buildConfigurationList = 0070748320BE472000C6E014 /* Build configuration list for PBXNativeTarget "BDJUITests" */;
			buildPhases = (
				0070747320BE472000C6E014 /* Sources */,
				0070747420BE472000C6E014 /* Frameworks */,
				0070747520BE472000C6E014 /* Resources */,
			);
			buildRules = (
			);
			dependencies = (
				0070747920BE472000C6E014 /* PBXTargetDependency */,
			);
			name = BDJUITests;
			productName = BDJUITests;
			productReference = 0070747720BE472000C6E014 /* BDJUITests.xctest */;
			productType = "com.apple.product-type.bundle.ui-testing";
		};
/* End PBXNativeTarget section */

/* Begin PBXProject section */
		0070745720BE471E00C6E014 /* Project object */ = {
			isa = PBXProject;
			attributes = {
				CLASSPREFIX = ZR;
				LastUpgradeCheck = 0930;
				ORGANIZATIONNAME = edz;
				TargetAttributes = {
					0070745E20BE471E00C6E014 = {
						CreatedOnToolsVersion = 9.3.1;
					};
					0070747620BE472000C6E014 = {
						CreatedOnToolsVersion = 9.3.1;
						TestTargetID = 0070745E20BE471E00C6E014;
					};
				};
			};
			buildConfigurationList = 0070745A20BE471E00C6E014 /* Build configuration list for PBXProject "BDJ" */;
			compatibilityVersion = "Xcode 9.3";
			developmentRegion = en;
			hasScannedForEncodings = 0;
			knownRegions = (
				en,
				Base,
			);
			mainGroup = 0070745620BE471E00C6E014;
			productRefGroup = 0070746020BE471E00C6E014 /* Products */;
			projectDirPath = "";
			projectRoot = "";
			targets = (
				0070745E20BE471E00C6E014 /* BDJ */,
				0070747620BE472000C6E014 /* BDJUITests */,
			);
		};
/* End PBXProject section */

/* Begin PBXResourcesBuildPhase section */
		0070745D20BE471E00C6E014 /* Resources */ = {
			isa = PBXResourcesBuildPhase;
			buildActionMask = 2147483647;
			files = (
				0070746F20BE472000C6E014 /* LaunchScreen.storyboard in Resources */,
				0070746C20BE472000C6E014 /* Assets.xcassets in Resources */,
				0070746A20BE471E00C6E014 /* Main.storyboard in Resources */,
			);
			runOnlyForDeploymentPostprocessing = 0;
		};
		0070747520BE472000C6E014 /* Resources */ = {
			isa = PBXResourcesBuildPhase;
			buildActionMask = 2147483647;
			files = (
			);
			runOnlyForDeploymentPostprocessing = 0;
		};
/* End PBXResourcesBuildPhase section */

/* Begin PBXSourcesBuildPhase section */
		0070745B20BE471E00C6E014 /* Sources */ = {
			isa = PBXSourcesBuildPhase;
			buildActionMask = 2147483647;
			files = (
				00BEFBA320BE84F000204029 /* AppDelegate.m in Sources */,
				00BEFBA920BE85BF00204029 /* ZREssenceViewController.m in Sources */,
				00D00FAE20BFF53F00D0F3B1 /* ZRNavigationController.m in Sources */,
				00BEFBAC20BE85CB00204029 /* ZRPublishViewController.m in Sources */,
				004EB65120BF8E0F0094D5D9 /* ZRTabBar.m in Sources */,
				00BEFBBC20BE9B2E00204029 /* ZRTabBarController.m in Sources */,
				00BEFBB520BE85FF00204029 /* ZRFriendTrendViewController.m in Sources */,
				00BEFBAF20BE85D400204029 /* ZRNewViewController.m in Sources */,
				00D00FA720BFCD5A00D0F3B1 /* UIView+ZRFrame.m in Sources */,
				00BEFBB220BE85E800204029 /* ZRMeViewController.m in Sources */,
				00BEFBA220BE84F000204029 /* main.m in Sources */,
				00BEFBC020BEA00700204029 /* UIImage+ZRImage.m in Sources */,
				00D00FAB20BFEAB700D0F3B1 /* UIBarButtonItem+ZRItem.m in Sources */,
			);
			runOnlyForDeploymentPostprocessing = 0;
		};
		0070747320BE472000C6E014 /* Sources */ = {
			isa = PBXSourcesBuildPhase;
			buildActionMask = 2147483647;
			files = (
				0070747C20BE472000C6E014 /* BDJUITests.m in Sources */,
			);
			runOnlyForDeploymentPostprocessing = 0;
		};
/* End PBXSourcesBuildPhase section */

/* Begin PBXTargetDependency section */
		0070747920BE472000C6E014 /* PBXTargetDependency */ = {
			isa = PBXTargetDependency;
			target = 0070745E20BE471E00C6E014 /* BDJ */;
			targetProxy = 0070747820BE472000C6E014 /* PBXContainerItemProxy */;
		};
/* End PBXTargetDependency section */

/* Begin PBXVariantGroup section */
		0070746820BE471E00C6E014 /* Main.storyboard */ = {
			isa = PBXVariantGroup;
			children = (
				0070746920BE471E00C6E014 /* Base */,
			);
			name = Main.storyboard;
			sourceTree = "<group>";
		};
		0070746D20BE472000C6E014 /* LaunchScreen.storyboard */ = {
			isa = PBXVariantGroup;
			children = (
				0070746E20BE472000C6E014 /* Base */,
			);
			name = LaunchScreen.storyboard;
			sourceTree = "<group>";
		};
/* End PBXVariantGroup section */

/* Begin XCBuildConfiguration section */
		0070747E20BE472000C6E014 /* Debug */ = {
			isa = XCBuildConfiguration;
			buildSettings = {
				ALWAYS_SEARCH_USER_PATHS = NO;
				CLANG_ANALYZER_NONNULL = YES;
				CLANG_ANALYZER_NUMBER_OBJECT_CONVERSION = YES_AGGRESSIVE;
				CLANG_CXX_LANGUAGE_STANDARD = "gnu++14";
				CLANG_CXX_LIBRARY = "libc++";
				CLANG_ENABLE_MODULES = YES;
				CLANG_ENABLE_OBJC_ARC = YES;
				CLANG_ENABLE_OBJC_WEAK = YES;
				CLANG_WARN_BLOCK_CAPTURE_AUTORELEASING = YES;
				CLANG_WARN_BOOL_CONVERSION = YES;
				CLANG_WARN_COMMA = YES;
				CLANG_WARN_CONSTANT_CONVERSION = YES;
				CLANG_WARN_DEPRECATED_OBJC_IMPLEMENTATIONS = YES;
				CLANG_WARN_DIRECT_OBJC_ISA_USAGE = YES_ERROR;
				CLANG_WARN_DOCUMENTATION_COMMENTS = YES;
				CLANG_WARN_EMPTY_BODY = YES;
				CLANG_WARN_ENUM_CONVERSION = YES;
				CLANG_WARN_INFINITE_RECURSION = YES;
				CLANG_WARN_INT_CONVERSION = YES;
				CLANG_WARN_NON_LITERAL_NULL_CONVERSION = YES;
				CLANG_WARN_OBJC_IMPLICIT_RETAIN_SELF = YES;
				CLANG_WARN_OBJC_LITERAL_CONVERSION = YES;
				CLANG_WARN_OBJC_ROOT_CLASS = YES_ERROR;
				CLANG_WARN_RANGE_LOOP_ANALYSIS = YES;
				CLANG_WARN_STRICT_PROTOTYPES = YES;
				CLANG_WARN_SUSPICIOUS_MOVE = YES;
				CLANG_WARN_UNGUARDED_AVAILABILITY = YES_AGGRESSIVE;
				CLANG_WARN_UNREACHABLE_CODE = YES;
				CLANG_WARN__DUPLICATE_METHOD_MATCH = YES;
				CODE_SIGN_IDENTITY = "iPhone Developer";
				COPY_PHASE_STRIP = NO;
				DEBUG_INFORMATION_FORMAT = dwarf;
				ENABLE_STRICT_OBJC_MSGSEND = YES;
				ENABLE_TESTABILITY = YES;
				GCC_C_LANGUAGE_STANDARD = gnu11;
				GCC_DYNAMIC_NO_PIC = NO;
				GCC_NO_COMMON_BLOCKS = YES;
				GCC_OPTIMIZATION_LEVEL = 0;
				GCC_PREPROCESSOR_DEFINITIONS = (
					"DEBUG=1",
					"$(inherited)",
				);
				GCC_WARN_64_TO_32_BIT_CONVERSION = YES;
				GCC_WARN_ABOUT_RETURN_TYPE = YES_ERROR;
				GCC_WARN_UNDECLARED_SELECTOR = YES;
				GCC_WARN_UNINITIALIZED_AUTOS = YES_AGGRESSIVE;
				GCC_WARN_UNUSED_FUNCTION = YES;
				GCC_WARN_UNUSED_VARIABLE = YES;
				IPHONEOS_DEPLOYMENT_TARGET = 11.3;
				MTL_ENABLE_DEBUG_INFO = YES;
				ONLY_ACTIVE_ARCH = YES;
				SDKROOT = iphoneos;
			};
			name = Debug;
		};
		0070747F20BE472000C6E014 /* Release */ = {
			isa = XCBuildConfiguration;
			buildSettings = {
				ALWAYS_SEARCH_USER_PATHS = NO;
				CLANG_ANALYZER_NONNULL = YES;
				CLANG_ANALYZER_NUMBER_OBJECT_CONVERSION = YES_AGGRESSIVE;
				CLANG_CXX_LANGUAGE_STANDARD = "gnu++14";
				CLANG_CXX_LIBRARY = "libc++";
				CLANG_ENABLE_MODULES = YES;
				CLANG_ENABLE_OBJC_ARC = YES;
				CLANG_ENABLE_OBJC_WEAK = YES;
				CLANG_WARN_BLOCK_CAPTURE_AUTORELEASING = YES;
				CLANG_WARN_BOOL_CONVERSION = YES;
				CLANG_WARN_COMMA = YES;
				CLANG_WARN_CONSTANT_CONVERSION = YES;
				CLANG_WARN_DEPRECATED_OBJC_IMPLEMENTATIONS = YES;
				CLANG_WARN_DIRECT_OBJC_ISA_USAGE = YES_ERROR;
				CLANG_WARN_DOCUMENTATION_COMMENTS = YES;
				CLANG_WARN_EMPTY_BODY = YES;
				CLANG_WARN_ENUM_CONVERSION = YES;
				CLANG_WARN_INFINITE_RECURSION = YES;
				CLANG_WARN_INT_CONVERSION = YES;
				CLANG_WARN_NON_LITERAL_NULL_CONVERSION = YES;
				CLANG_WARN_OBJC_IMPLICIT_RETAIN_SELF = YES;
				CLANG_WARN_OBJC_LITERAL_CONVERSION = YES;
				CLANG_WARN_OBJC_ROOT_CLASS = YES_ERROR;
				CLANG_WARN_RANGE_LOOP_ANALYSIS = YES;
				CLANG_WARN_STRICT_PROTOTYPES = YES;
				CLANG_WARN_SUSPICIOUS_MOVE = YES;
				CLANG_WARN_UNGUARDED_AVAILABILITY = YES_AGGRESSIVE;
				CLANG_WARN_UNREACHABLE_CODE = YES;
				CLANG_WARN__DUPLICATE_METHOD_MATCH = YES;
				CODE_SIGN_IDENTITY = "iPhone Developer";
				COPY_PHASE_STRIP = NO;
				DEBUG_INFORMATION_FORMAT = "dwarf-with-dsym";
				ENABLE_NS_ASSERTIONS = NO;
				ENABLE_STRICT_OBJC_MSGSEND = YES;
				GCC_C_LANGUAGE_STANDARD = gnu11;
				GCC_NO_COMMON_BLOCKS = YES;
				GCC_WARN_64_TO_32_BIT_CONVERSION = YES;
				GCC_WARN_ABOUT_RETURN_TYPE = YES_ERROR;
				GCC_WARN_UNDECLARED_SELECTOR = YES;
				GCC_WARN_UNINITIALIZED_AUTOS = YES_AGGRESSIVE;
				GCC_WARN_UNUSED_FUNCTION = YES;
				GCC_WARN_UNUSED_VARIABLE = YES;
				IPHONEOS_DEPLOYMENT_TARGET = 11.3;
				MTL_ENABLE_DEBUG_INFO = NO;
				SDKROOT = iphoneos;
				VALIDATE_PRODUCT = YES;
			};
			name = Release;
		};
		0070748120BE472000C6E014 /* Debug */ = {
			isa = XCBuildConfiguration;
			buildSettings = {
				ASSETCATALOG_COMPILER_APPICON_NAME = AppIcon;
				ASSETCATALOG_COMPILER_LAUNCHIMAGE_NAME = LaunchImage;
				CODE_SIGN_STYLE = Automatic;
				DEVELOPMENT_TEAM = 54HLUGJWUY;
				GCC_PRECOMPILE_PREFIX_HEADER = YES;
				GCC_PREFIX_HEADER = "$(SRCROOT)/BDJ/Classes/Others/BDJ.pch";
				INFOPLIST_FILE = BDJ/Info.plist;
				IPHONEOS_DEPLOYMENT_TARGET = 9.0;
				LD_RUNPATH_SEARCH_PATHS = (
					"$(inherited)",
					"@executable_path/Frameworks",
				);
				PRODUCT_BUNDLE_IDENTIFIER = com.zr.BDJ;
				PRODUCT_NAME = "$(TARGET_NAME)";
				TARGETED_DEVICE_FAMILY = 1;
			};
			name = Debug;
		};
		0070748220BE472000C6E014 /* Release */ = {
			isa = XCBuildConfiguration;
			buildSettings = {
				ASSETCATALOG_COMPILER_APPICON_NAME = AppIcon;
				ASSETCATALOG_COMPILER_LAUNCHIMAGE_NAME = LaunchImage;
				CODE_SIGN_STYLE = Automatic;
				DEVELOPMENT_TEAM = 54HLUGJWUY;
				GCC_PRECOMPILE_PREFIX_HEADER = YES;
				GCC_PREFIX_HEADER = "$(SRCROOT)/BDJ/Classes/Others/BDJ.pch";
				INFOPLIST_FILE = BDJ/Info.plist;
				IPHONEOS_DEPLOYMENT_TARGET = 9.0;
				LD_RUNPATH_SEARCH_PATHS = (
					"$(inherited)",
					"@executable_path/Frameworks",
				);
				PRODUCT_BUNDLE_IDENTIFIER = com.zr.BDJ;
				PRODUCT_NAME = "$(TARGET_NAME)";
				TARGETED_DEVICE_FAMILY = 1;
			};
			name = Release;
		};
		0070748420BE472000C6E014 /* Debug */ = {
			isa = XCBuildConfiguration;
			buildSettings = {
				CODE_SIGN_STYLE = Automatic;
				DEVELOPMENT_TEAM = 54HLUGJWUY;
				INFOPLIST_FILE = BDJUITests/Info.plist;
				LD_RUNPATH_SEARCH_PATHS = (
					"$(inherited)",
					"@executable_path/Frameworks",
					"@loader_path/Frameworks",
				);
				PRODUCT_BUNDLE_IDENTIFIER = com.zr.BDJUITests;
				PRODUCT_NAME = "$(TARGET_NAME)";
				TARGETED_DEVICE_FAMILY = "1,2";
				TEST_TARGET_NAME = BDJ;
			};
			name = Debug;
		};
		0070748520BE472000C6E014 /* Release */ = {
			isa = XCBuildConfiguration;
			buildSettings = {
				CODE_SIGN_STYLE = Automatic;
				DEVELOPMENT_TEAM = 54HLUGJWUY;
				INFOPLIST_FILE = BDJUITests/Info.plist;
				LD_RUNPATH_SEARCH_PATHS = (
					"$(inherited)",
					"@executable_path/Frameworks",
					"@loader_path/Frameworks",
				);
				PRODUCT_BUNDLE_IDENTIFIER = com.zr.BDJUITests;
				PRODUCT_NAME = "$(TARGET_NAME)";
				TARGETED_DEVICE_FAMILY = "1,2";
				TEST_TARGET_NAME = BDJ;
			};
			name = Release;
		};
/* End XCBuildConfiguration section */

/* Begin XCConfigurationList section */
		0070745A20BE471E00C6E014 /* Build configuration list for PBXProject "BDJ" */ = {
			isa = XCConfigurationList;
			buildConfigurations = (
				0070747E20BE472000C6E014 /* Debug */,
				0070747F20BE472000C6E014 /* Release */,
			);
			defaultConfigurationIsVisible = 0;
			defaultConfigurationName = Release;
		};
		0070748020BE472000C6E014 /* Build configuration list for PBXNativeTarget "BDJ" */ = {
			isa = XCConfigurationList;
			buildConfigurations = (
				0070748120BE472000C6E014 /* Debug */,
				0070748220BE472000C6E014 /* Release */,
			);
			defaultConfigurationIsVisible = 0;
			defaultConfigurationName = Release;
		};
		0070748320BE472000C6E014 /* Build configuration list for PBXNativeTarget "BDJUITests" */ = {
			isa = XCConfigurationList;
			buildConfigurations = (
				0070748420BE472000C6E014 /* Debug */,
				0070748520BE472000C6E014 /* Release */,
			);
			defaultConfigurationIsVisible = 0;
			defaultConfigurationName = Release;
		};
/* End XCConfigurationList section */
	};
	rootObject = 0070745720BE471E00C6E014 /* Project object */;
}
